
Microsoft Visual Studio Solution File, Format Version 12.00
# Visual Studio Version 17
VisualStudioVersion = 17.1.32210.238
MinimumVisualStudioVersion = 10.0.40219.1
Project("{9A19103F-16F7-4668-BE54-9A1E7A4F7556}") = "CuddlyDollop", "CuddlyDollop.csproj", "{B9497C33-4F76-4EB3-8D01-38867991660C}"
EndProject
Project("{FAE04EC0-301F-11D3-BF4B-00C04F79EFBC}") = "LinkedList", "LinkedList\LinkedList.csproj", "{364EB621-BB72-49D1-8832-9A61888F66BC}"
EndProject
Project("{FAE04EC0-301F-11D3-BF4B-00C04F79EFBC}") = "BitwiseOperator", "BitwiseOperator\BitwiseOperator.csproj", "{9C72ADD6-93FA-4934-B041-6094507F916D}"
EndProject
Project("{FAE04EC0-301F-11D3-BF4B-00C04F79EFBC}") = "LeetCode", "LeetCode\LeetCode.csproj", "{088F48A9-6A88-4C57-B8F4-55E009A81ED8}"
EndProject
Global
	GlobalSection(SolutionConfigurationPlatforms) = preSolution
		Debug|Any CPU = Debug|Any CPU
		Release|Any CPU = Release|Any CPU
	EndGlobalSection
	GlobalSection(ProjectConfigurationPlatforms) = postSolution
		{B9497C33-4F76-4EB3-8D01-38867991660C}.Debug|Any CPU.ActiveCfg = Debug|Any CPU
		{B9497C33-4F76-4EB3-8D01-38867991660C}.Debug|Any CPU.Build.0 = Debug|Any CPU
		{B9497C33-4F76-4EB3-8D01-38867991660C}.Release|Any CPU.ActiveCfg = Release|Any CPU
		{B9497C33-4F76-4EB3-8D01-38867991660C}.Release|Any CPU.Build.0 = Release|Any CPU
		{364EB621-BB72-49D1-8832-9A61888F66BC}.Debug|Any CPU.ActiveCfg = Debug|Any CPU
		{364EB621-BB72-49D1-8832-9A61888F66BC}.Debug|Any CPU.Build.0 = Debug|Any CPU
		{364EB621-BB72-49D1-8832-9A61888F66BC}.Release|Any CPU.ActiveCfg = Release|Any CPU
		{364EB621-BB72-49D1-8832-9A61888F66BC}.Release|Any CPU.Build.0 = Release|Any CPU
		{9C72ADD6-93FA-4934-B041-6094507F916D}.Debug|Any CPU.ActiveCfg = Debug|Any CPU
		{9C72ADD6-93FA-4934-B041-6094507F916D}.Debug|Any CPU.Build.0 = Debug|Any CPU
		{9C72ADD6-93FA-4934-B041-6094507F916D}.Release|Any CPU.ActiveCfg = Release|Any CPU
		{9C72ADD6-93FA-4934-B041-6094507F916D}.Release|Any CPU.Build.0 = Release|Any CPU
		{088F48A9-6A88-4C57-B8F4-55E009A81ED8}.Debug|Any CPU.ActiveCfg = Debug|Any CPU
		{088F48A9-6A88-4C57-B8F4-55E009A81ED8}.Debug|Any CPU.Build.0 = Debug|Any CPU
		{088F48A9-6A88-4C57-B8F4-55E009A81ED8}.Release|Any CPU.ActiveCfg = Release|Any CPU
		{088F48A9-6A88-4C57-B8F4-55E009A81ED8}.Release|Any CPU.Build.0 = Release|Any CPU
	EndGlobalSection
	GlobalSection(SolutionProperties) = preSolution
		HideSolutionNode = FALSE
	EndGlobalSection
	GlobalSection(ExtensibilityGlobals) = postSolution
		SolutionGuid = {64E3E090-6473-41A3-A155-6E2B7FD4E5B4}
	EndGlobalSection
EndGlobal
